
Microsoft Visual Studio Solution File, Format Version 12.00
# Visual Studio Version 17
VisualStudioVersion = 17.9.34902.65
MinimumVisualStudioVersion = 10.0.40219.1
Project("{FAE04EC0-301F-11D3-BF4B-00C04F79EFBC}") = "GMO_Helper", "GMO_Helper.csproj", "{1960D1B6-8541-4F00-9645-AAAC452EC300}"
EndProject
Global
	GlobalSection(SolutionConfigurationPlatforms) = preSolution
		Debug|Any CPU = Debug|Any CPU
		Release|Any CPU = Release|Any CPU
	EndGlobalSection
	GlobalSection(ProjectConfigurationPlatforms) = postSolution
		{1960D1B6-8541-4F00-9645-AAAC452EC300}.Debug|Any CPU.ActiveCfg = Debug|Any CPU
		{1960D1B6-8541-4F00-9645-AAAC452EC300}.Debug|Any CPU.Build.0 = Debug|Any CPU
		{1960D1B6-8541-4F00-9645-AAAC452EC300}.Release|Any CPU.ActiveCfg = Release|Any CPU
		{1960D1B6-8541-4F00-9645-AAAC452EC300}.Release|Any CPU.Build.0 = Release|Any CPU
	EndGlobalSection
	GlobalSection(SolutionProperties) = preSolution
		HideSolutionNode = FALSE
	EndGlobalSection
	GlobalSection(ExtensibilityGlobals) = postSolution
		SolutionGuid = {8BDCF040-788C-4149-B3BD-9F5CC0A79F86}
	EndGlobalSection
EndGlobal
